
Microsoft Visual Studio Solution File, Format Version 12.00
# Visual Studio Version 17
VisualStudioVersion = 17.4.33103.184
MinimumVisualStudioVersion = 10.0.40219.1
Project("{FAE04EC0-301F-11D3-BF4B-00C04F79EFBC}") = "SpecFlowProject1_scoped", "SpecFlowProject1_scoped\SpecFlowProject1_scoped.csproj", "{AA1297FD-DF14-421C-A8B0-516857D99A50}"
EndProject
Global
	GlobalSection(SolutionConfigurationPlatforms) = preSolution
		Debug|Any CPU = Debug|Any CPU
		Release|Any CPU = Release|Any CPU
	EndGlobalSection
	GlobalSection(ProjectConfigurationPlatforms) = postSolution
		{AA1297FD-DF14-421C-A8B0-516857D99A50}.Debug|Any CPU.ActiveCfg = Debug|Any CPU
		{AA1297FD-DF14-421C-A8B0-516857D99A50}.Debug|Any CPU.Build.0 = Debug|Any CPU
		{AA1297FD-DF14-421C-A8B0-516857D99A50}.Release|Any CPU.ActiveCfg = Release|Any CPU
		{AA1297FD-DF14-421C-A8B0-516857D99A50}.Release|Any CPU.Build.0 = Release|Any CPU
	EndGlobalSection
	GlobalSection(SolutionProperties) = preSolution
		HideSolutionNode = FALSE
	EndGlobalSection
	GlobalSection(ExtensibilityGlobals) = postSolution
		SolutionGuid = {0C35D360-7D45-4890-B220-259B3208E73B}
	EndGlobalSection
EndGlobal
